PODS:
  - FMDB (2.6.2):
    - FMDB/standard (= 2.6.2)
  - FMDB/standard (2.6.2)
  - FMDBMigrationManager (1.4.1):
    - FMDBMigrationManager/System (= 1.4.1)
  - FMDBMigrationManager/System (1.4.1):
    - FMDB/standard (>= 2.3)

DEPENDENCIES:
  - FMDB (~> 2.6.2)
  - FMDBMigrationManager (~> 1.4.1)

SPEC CHECKSUMS:
  FMDB: 854a0341b4726e53276f2a8996f06f1b80f9259a
  FMDBMigrationManager: d52007f328ea0665e8985ca8a33500707aef084f

PODFILE CHECKSUM: 6925e85e19fee5f7f41b9efe1edd39accccc07a4

COCOAPODS: 1.2.0
